
Microsoft Visual Studio Solution File, Format Version 12.00
# Visual Studio Version 17
VisualStudioVersion = 17.13.35931.197 d17.13
MinimumVisualStudioVersion = 10.0.40219.1
Project("{FAE04EC0-301F-11D3-BF4B-00C04F79EFBC}") = "eShopCKC", "eShopCKC.csproj", "{2BF822D3-2555-4BC2-8B44-4574ED81512E}"
EndProject
Global
	GlobalSection(SolutionConfigurationPlatforms) = preSolution
		Debug|Any CPU = Debug|Any CPU
		Release|Any CPU = Release|Any CPU
	EndGlobalSection
	GlobalSection(ProjectConfigurationPlatforms) = postSolution
		{2BF822D3-2555-4BC2-8B44-4574ED81512E}.Debug|Any CPU.ActiveCfg = Debug|Any CPU
		{2BF822D3-2555-4BC2-8B44-4574ED81512E}.Debug|Any CPU.Build.0 = Debug|Any CPU
		{2BF822D3-2555-4BC2-8B44-4574ED81512E}.Release|Any CPU.ActiveCfg = Release|Any CPU
		{2BF822D3-2555-4BC2-8B44-4574ED81512E}.Release|Any CPU.Build.0 = Release|Any CPU
	EndGlobalSection
	GlobalSection(SolutionProperties) = preSolution
		HideSolutionNode = FALSE
	EndGlobalSection
	GlobalSection(ExtensibilityGlobals) = postSolution
		SolutionGuid = {6198A5E9-D19D-439F-80F8-FC54252B4599}
	EndGlobalSection
EndGlobal
